// !$*UTF8*$!
{
	archiveVersion = 1;
	classes = {
	};
	objectVersion = 50;
	objects = {

/* Begin PBXBuildFile section */
		166F9AAA258C1836365BBFBA /* Pods_Dark_Skies.framework in Frameworks */ = {isa = PBXBuildFile; fileRef = 73C60AB0268A14C5AADECAD0 /* Pods_Dark_Skies.framework */; };
		9EB78E96218236F700C0A45E /* APIKeys.swift in Sources */ = {isa = PBXBuildFile; fileRef = 9EB78E95218236F700C0A45E /* APIKeys.swift */; };
		9EFB41D92180FE820061F41A /* AppDelegate.swift in Sources */ = {isa = PBXBuildFile; fileRef = 9EFB41D82180FE820061F41A /* AppDelegate.swift */; };
		9EFB41DB2180FE820061F41A /* ViewController.swift in Sources */ = {isa = PBXBuildFile; fileRef = 9EFB41DA2180FE820061F41A /* ViewController.swift */; };
		9EFB41DE2180FE820061F41A /* Main.storyboard in Resources */ = {isa = PBXBuildFile; fileRef = 9EFB41DC2180FE820061F41A /* Main.storyboard */; };
		9EFB41E02180FE840061F41A /* Assets.xcassets in Resources */ = {isa = PBXBuildFile; fileRef = 9EFB41DF2180FE840061F41A /* Assets.xcassets */; };
		9EFB41E32180FE840061F41A /* LaunchScreen.storyboard in Resources */ = {isa = PBXBuildFile; fileRef = 9EFB41E12180FE840061F41A /* LaunchScreen.storyboard */; };
/* End PBXBuildFile section */

/* Begin PBXFileReference section */
		73C60AB0268A14C5AADECAD0 /* Pods_Dark_Skies.framework */ = {isa = PBXFileReference; explicitFileType = wrapper.framework; includeInIndex = 0; path = Pods_Dark_Skies.framework; sourceTree = BUILT_PRODUCTS_DIR; };
		8B00390E9CE5DFCC7B8879C6 /* Pods-Dark Skies.debug.xcconfig */ = {isa = PBXFileReference; includeInIndex = 1; lastKnownFileType = text.xcconfig; name = "Pods-Dark Skies.debug.xcconfig"; path = "Pods/Target Support Files/Pods-Dark Skies/Pods-Dark Skies.debug.xcconfig"; sourceTree = "<group>"; };
		9EB78E95218236F700C0A45E /* APIKeys.swift */ = {isa = PBXFileReference; lastKnownFileType = sourcecode.swift; path = APIKeys.swift; sourceTree = "<group>"; };
		9EFB41D52180FE820061F41A /* Dark Skies.app */ = {isa = PBXFileReference; explicitFileType = wrapper.application; includeInIndex = 0; path = "Dark Skies.app"; sourceTree = BUILT_PRODUCTS_DIR; };
		9EFB41D82180FE820061F41A /* AppDelegate.swift */ = {isa = PBXFileReference; lastKnownFileType = sourcecode.swift; path = AppDelegate.swift; sourceTree = "<group>"; };
		9EFB41DA2180FE820061F41A /* ViewController.swift */ = {isa = PBXFileReference; lastKnownFileType = sourcecode.swift; path = ViewController.swift; sourceTree = "<group>"; };
		9EFB41DD2180FE820061F41A /* Base */ = {isa = PBXFileReference; lastKnownFileType = file.storyboard; name = Base; path = Base.lproj/Main.storyboard; sourceTree = "<group>"; };
		9EFB41DF2180FE840061F41A /* Assets.xcassets */ = {isa = PBXFileReference; lastKnownFileType = folder.assetcatalog; path = Assets.xcassets; sourceTree = "<group>"; };
		9EFB41E22180FE840061F41A /* Base */ = {isa = PBXFileReference; lastKnownFileType = file.storyboard; name = Base; path = Base.lproj/LaunchScreen.storyboard; sourceTree = "<group>"; };
		9EFB41E42180FE840061F41A /* Info.plist */ = {isa = PBXFileReference; lastKnownFileType = text.plist.xml; path = Info.plist; sourceTree = "<group>"; };
		DB6F8A6015B8EF5D9286EB1E /* Pods-Dark Skies.release.xcconfig */ = {isa = PBXFileReference; includeInIndex = 1; lastKnownFileType = text.xcconfig; name = "Pods-Dark Skies.release.xcconfig"; path = "Pods/Target Support Files/Pods-Dark Skies/Pods-Dark Skies.release.xcconfig"; sourceTree = "<group>"; };
/* End PBXFileReference section */

/* Begin PBXFrameworksBuildPhase section */
		9EFB41D22180FE820061F41A /* Frameworks */ = {
			isa = PBXFrameworksBuildPhase;
			buildActionMask = 2147483647;
			files = (
				166F9AAA258C1836365BBFBA /* Pods_Dark_Skies.framework in Frameworks */,
			);
			runOnlyForDeploymentPostprocessing = 0;
		};
/* End PBXFrameworksBuildPhase section */

/* Begin PBXGroup section */
		9EFB41CC2180FE820061F41A = {
			isa = PBXGroup;
			children = (
				9EFB41D72180FE820061F41A /* Dark Skies */,
				9EFB41D62180FE820061F41A /* Products */,
				C6653B823D5B6D0877DB6C7D /* Pods */,
				E2C3C64D602AA6A48A023C1D /* Frameworks */,
			);
			sourceTree = "<group>";
		};
		9EFB41D62180FE820061F41A /* Products */ = {
			isa = PBXGroup;
			children = (
				9EFB41D52180FE820061F41A /* Dark Skies.app */,
			);
			name = Products;
			sourceTree = "<group>";
		};
		9EFB41D72180FE820061F41A /* Dark Skies */ = {
			isa = PBXGroup;
			children = (
				9EFB41D82180FE820061F41A /* AppDelegate.swift */,
				9EFB41DA2180FE820061F41A /* ViewController.swift */,
				9EFB41DC2180FE820061F41A /* Main.storyboard */,
				9EFB41DF2180FE840061F41A /* Assets.xcassets */,
				9EFB41E12180FE840061F41A /* LaunchScreen.storyboard */,
				9EFB41E42180FE840061F41A /* Info.plist */,
				9EB78E95218236F700C0A45E /* APIKeys.swift */,
			);
			path = "Dark Skies";
			sourceTree = "<group>";
		};
		C6653B823D5B6D0877DB6C7D /* Pods */ = {
			isa = PBXGroup;
			children = (
				8B00390E9CE5DFCC7B8879C6 /* Pods-Dark Skies.debug.xcconfig */,
				DB6F8A6015B8EF5D9286EB1E /* Pods-Dark Skies.release.xcconfig */,
			);
			name = Pods;
			sourceTree = "<group>";
		};
		E2C3C64D602AA6A48A023C1D /* Frameworks */ = {
			isa = PBXGroup;
			children = (
				73C60AB0268A14C5AADECAD0 /* Pods_Dark_Skies.framework */,
			);
			name = Frameworks;
			sourceTree = "<group>";
		};
/* End PBXGroup section */

/* Begin PBXNativeTarget section */
		9EFB41D42180FE820061F41A /* Dark Skies */ = {
			isa = PBXNativeTarget;
			buildConfigurationList = 9EFB41E72180FE840061F41A /* Build configuration list for PBXNativeTarget "Dark Skies" */;
			buildPhases = (
				0E7AF59D5B4ACC57F08FEEB0 /* [CP] Check Pods Manifest.lock */,
				9EFB41D12180FE820061F41A /* Sources */,
				9EFB41D22180FE820061F41A /* Frameworks */,
				9EFB41D32180FE820061F41A /* Resources */,
				407647522F6BB545D37E2DE1 /* [CP] Embed Pods Frameworks */,
			);
			buildRules = (
			);
			dependencies = (
			);
			name = "Dark Skies";
			productName = "Dark Skies";
			productReference = 9EFB41D52180FE820061F41A /* Dark Skies.app */;
			productType = "com.apple.product-type.application";
		};
/* End PBXNativeTarget section */

/* Begin PBXProject section */
		9EFB41CD2180FE820061F41A /* Project object */ = {
			isa = PBXProject;
			attributes = {
				LastSwiftUpdateCheck = 1000;
				LastUpgradeCheck = 1000;
				ORGANIZATIONNAME = "Alex Richardson";
				TargetAttributes = {
					9EFB41D42180FE820061F41A = {
						CreatedOnToolsVersion = 10.0;
					};
				};
			};
			buildConfigurationList = 9EFB41D02180FE820061F41A /* Build configuration list for PBXProject "Dark Skies" */;
			compatibilityVersion = "Xcode 9.3";
			developmentRegion = en;
			hasScannedForEncodings = 0;
			knownRegions = (
				en,
				Base,
			);
			mainGroup = 9EFB41CC2180FE820061F41A;
			productRefGroup = 9EFB41D62180FE820061F41A /* Products */;
			projectDirPath = "";
			projectRoot = "";
			targets = (
				9EFB41D42180FE820061F41A /* Dark Skies */,
			);
		};
/* End PBXProject section */

/* Begin PBXResourcesBuildPhase section */
		9EFB41D32180FE820061F41A /* Resources */ = {
			isa = PBXResourcesBuildPhase;
			buildActionMask = 2147483647;
			files = (
				9EFB41E32180FE840061F41A /* LaunchScreen.storyboard in Resources */,
				9EFB41E02180FE840061F41A /* Assets.xcassets in Resources */,
				9EFB41DE2180FE820061F41A /* Main.storyboard in Resources */,
			);
			runOnlyForDeploymentPostprocessing = 0;
		};
/* End PBXResourcesBuildPhase section */

/* Begin PBXShellScriptBuildPhase section */
		0E7AF59D5B4ACC57F08FEEB0 /* [CP] Check Pods Manifest.lock */ = {
			isa = PBXShellScriptBuildPhase;
			buildActionMask = 2147483647;
			files = (
			);
			inputPaths = (
				"${PODS_PODFILE_DIR_PATH}/Podfile.lock",
				"${PODS_ROOT}/Manifest.lock",
			);
			name = "[CP] Check Pods Manifest.lock";
			outputPaths = (
				"$(DERIVED_FILE_DIR)/Pods-Dark Skies-checkManifestLockResult.txt",
			);
			runOnlyForDeploymentPostprocessing = 0;
			shellPath = /bin/sh;
			shellScript = "diff \"${PODS_PODFILE_DIR_PATH}/Podfile.lock\" \"${PODS_ROOT}/Manifest.lock\" > /dev/null\nif [ $? != 0 ] ; then\n    # print error to STDERR\n    echo \"error: The sandbox is not in sync with the Podfile.lock. Run 'pod install' or update your CocoaPods installation.\" >&2\n    exit 1\nfi\n# This output is used by Xcode 'outputs' to avoid re-running this script phase.\necho \"SUCCESS\" > \"${SCRIPT_OUTPUT_FILE_0}\"\n";
			showEnvVarsInLog = 0;
		};
		407647522F6BB545D37E2DE1 /* [CP] Embed Pods Frameworks */ = {
			isa = PBXShellScriptBuildPhase;
			buildActionMask = 2147483647;
			files = (
			);
			inputPaths = (
				"${SRCROOT}/Pods/Target Support Files/Pods-Dark Skies/Pods-Dark Skies-frameworks.sh",
				"${BUILT_PRODUCTS_DIR}/Alamofire/Alamofire.framework",
				"${BUILT_PRODUCTS_DIR}/SwiftyJSON/SwiftyJSON.framework",
			);
			name = "[CP] Embed Pods Frameworks";
			outputPaths = (
				"${TARGET_BUILD_DIR}/${FRAMEWORKS_FOLDER_PATH}/Alamofire.framework",
				"${TARGET_BUILD_DIR}/${FRAMEWORKS_FOLDER_PATH}/SwiftyJSON.framework",
			);
			runOnlyForDeploymentPostprocessing = 0;
			shellPath = /bin/sh;
			shellScript = "\"${SRCROOT}/Pods/Target Support Files/Pods-Dark Skies/Pods-Dark Skies-frameworks.sh\"\n";
			showEnvVarsInLog = 0;
		};
/* End PBXShellScriptBuildPhase section */

/* Begin PBXSourcesBuildPhase section */
		9EFB41D12180FE820061F41A /* Sources */ = {
			isa = PBXSourcesBuildPhase;
			buildActionMask = 2147483647;
			files = (
				9EB78E96218236F700C0A45E /* APIKeys.swift in Sources */,
				9EFB41DB2180FE820061F41A /* ViewController.swift in Sources */,
				9EFB41D92180FE820061F41A /* AppDelegate.swift in Sources */,
			);
			runOnlyForDeploymentPostprocessing = 0;
		};
/* End PBXSourcesBuildPhase section */

/* Begin PBXVariantGroup section */
		9EFB41DC2180FE820061F41A /* Main.storyboard */ = {
			isa = PBXVariantGroup;
			children = (
				9EFB41DD2180FE820061F41A /* Base */,
			);
			name = Main.storyboard;
			sourceTree = "<group>";
		};
		9EFB41E12180FE840061F41A /* LaunchScreen.storyboard */ = {
			isa = PBXVariantGroup;
			children = (
				9EFB41E22180FE840061F41A /* Base */,
			);
			name = LaunchScreen.storyboard;
			sourceTree = "<group>";
		};
/* End PBXVariantGroup section */

/* Begin XCBuildConfiguration section */
		9EFB41E52180FE840061F41A /* Debug */ = {
			isa = XCBuildConfiguration;
			buildSettings = {
				ALWAYS_SEARCH_USER_PATHS = NO;
				CLANG_ANALYZER_NONNULL = YES;
				CLANG_ANALYZER_NUMBER_OBJECT_CONVERSION = YES_AGGRESSIVE;
				CLANG_CXX_LANGUAGE_STANDARD = "gnu++14";
				CLANG_CXX_LIBRARY = "libc++";
				CLANG_ENABLE_MODULES = YES;
				CLANG_ENABLE_OBJC_ARC = YES;
				CLANG_ENABLE_OBJC_WEAK = YES;
				CLANG_WARN_BLOCK_CAPTURE_AUTORELEASING = YES;
				CLANG_WARN_BOOL_CONVERSION = YES;
				CLANG_WARN_COMMA = YES;
				CLANG_WARN_CONSTANT_CONVERSION = YES;
				CLANG_WARN_DEPRECATED_OBJC_IMPLEMENTATIONS = YES;
				CLANG_WARN_DIRECT_OBJC_ISA_USAGE = YES_ERROR;
				CLANG_WARN_DOCUMENTATION_COMMENTS = YES;
				CLANG_WARN_EMPTY_BODY = YES;
				CLANG_WARN_ENUM_CONVERSION = YES;
				CLANG_WARN_INFINITE_RECURSION = YES;
				CLANG_WARN_INT_CONVERSION = YES;
				CLANG_WARN_NON_LITERAL_NULL_CONVERSION = YES;
				CLANG_WARN_OBJC_IMPLICIT_RETAIN_SELF = YES;
				CLANG_WARN_OBJC_LITERAL_CONVERSION = YES;
				CLANG_WARN_OBJC_ROOT_CLASS = YES_ERROR;
				CLANG_WARN_RANGE_LOOP_ANALYSIS = YES;
				CLANG_WARN_STRICT_PROTOTYPES = YES;
				CLANG_WARN_SUSPICIOUS_MOVE = YES;
				CLANG_WARN_UNGUARDED_AVAILABILITY = YES_AGGRESSIVE;
				CLANG_WARN_UNREACHABLE_CODE = YES;
				CLANG_WARN__DUPLICATE_METHOD_MATCH = YES;
				CODE_SIGN_IDENTITY = "iPhone Developer";
				COPY_PHASE_STRIP = NO;
				DEBUG_INFORMATION_FORMAT = dwarf;
				ENABLE_STRICT_OBJC_MSGSEND = YES;
				ENABLE_TESTABILITY = YES;
				GCC_C_LANGUAGE_STANDARD = gnu11;
				GCC_DYNAMIC_NO_PIC = NO;
				GCC_NO_COMMON_BLOCKS = YES;
				GCC_OPTIMIZATION_LEVEL = 0;
				GCC_PREPROCESSOR_DEFINITIONS = (
					"DEBUG=1",
					"$(inherited)",
				);
				GCC_WARN_64_TO_32_BIT_CONVERSION = YES;
				GCC_WARN_ABOUT_RETURN_TYPE = YES_ERROR;
				GCC_WARN_UNDECLARED_SELECTOR = YES;
				GCC_WARN_UNINITIALIZED_AUTOS = YES_AGGRESSIVE;
				GCC_WARN_UNUSED_FUNCTION = YES;
				GCC_WARN_UNUSED_VARIABLE = YES;
				IPHONEOS_DEPLOYMENT_TARGET = 12.0;
				MTL_ENABLE_DEBUG_INFO = INCLUDE_SOURCE;
				MTL_FAST_MATH = YES;
				ONLY_ACTIVE_ARCH = YES;
				SDKROOT = iphoneos;
				SWIFT_ACTIVE_COMPILATION_CONDITIONS = DEBUG;
				SWIFT_OPTIMIZATION_LEVEL = "-Onone";
			};
			name = Debug;
		};
		9EFB41E62180FE840061F41A /* Release */ = {
			isa = XCBuildConfiguration;
			buildSettings = {
				ALWAYS_SEARCH_USER_PATHS = NO;
				CLANG_ANALYZER_NONNULL = YES;
				CLANG_ANALYZER_NUMBER_OBJECT_CONVERSION = YES_AGGRESSIVE;
				CLANG_CXX_LANGUAGE_STANDARD = "gnu++14";
				CLANG_CXX_LIBRARY = "libc++";
				CLANG_ENABLE_MODULES = YES;
				CLANG_ENABLE_OBJC_ARC = YES;
				CLANG_ENABLE_OBJC_WEAK = YES;
				CLANG_WARN_BLOCK_CAPTURE_AUTORELEASING = YES;
				CLANG_WARN_BOOL_CONVERSION = YES;
				CLANG_WARN_COMMA = YES;
				CLANG_WARN_CONSTANT_CONVERSION = YES;
				CLANG_WARN_DEPRECATED_OBJC_IMPLEMENTATIONS = YES;
				CLANG_WARN_DIRECT_OBJC_ISA_USAGE = YES_ERROR;
				CLANG_WARN_DOCUMENTATION_COMMENTS = YES;
				CLANG_WARN_EMPTY_BODY = YES;
				CLANG_WARN_ENUM_CONVERSION = YES;
				CLANG_WARN_INFINITE_RECURSION = YES;
				CLANG_WARN_INT_CONVERSION = YES;
				CLANG_WARN_NON_LITERAL_NULL_CONVERSION = YES;
				CLANG_WARN_OBJC_IMPLICIT_RETAIN_SELF = YES;
				CLANG_WARN_OBJC_LITERAL_CONVERSION = YES;
				CLANG_WARN_OBJC_ROOT_CLASS = YES_ERROR;
				CLANG_WARN_RANGE_LOOP_ANALYSIS = YES;
				CLANG_WARN_STRICT_PROTOTYPES = YES;
				CLANG_WARN_SUSPICIOUS_MOVE = YES;
				CLANG_WARN_UNGUARDED_AVAILABILITY = YES_AGGRESSIVE;
				CLANG_WARN_UNREACHABLE_CODE = YES;
				CLANG_WARN__DUPLICATE_METHOD_MATCH = YES;
				CODE_SIGN_IDENTITY = "iPhone Developer";
				COPY_PHASE_STRIP = NO;
				DEBUG_INFORMATION_FORMAT = "dwarf-with-dsym";
				ENABLE_NS_ASSERTIONS = NO;
				ENABLE_STRICT_OBJC_MSGSEND = YES;
				GCC_C_LANGUAGE_STANDARD = gnu11;
				GCC_NO_COMMON_BLOCKS = YES;
				GCC_WARN_64_TO_32_BIT_CONVERSION = YES;
				GCC_WARN_ABOUT_RETURN_TYPE = YES_ERROR;
				GCC_WARN_UNDECLARED_SELECTOR = YES;
				GCC_WARN_UNINITIALIZED_AUTOS = YES_AGGRESSIVE;
				GCC_WARN_UNUSED_FUNCTION = YES;
				GCC_WARN_UNUSED_VARIABLE = YES;
				IPHONEOS_DEPLOYMENT_TARGET = 12.0;
				MTL_ENABLE_DEBUG_INFO = NO;
				MTL_FAST_MATH = YES;
				SDKROOT = iphoneos;
				SWIFT_COMPILATION_MODE = wholemodule;
				SWIFT_OPTIMIZATION_LEVEL = "-O";
				VALIDATE_PRODUCT = YES;
			};
			name = Release;
		};
		9EFB41E82180FE840061F41A /* Debug */ = {
			isa = XCBuildConfiguration;
			baseConfigurationReference = 8B00390E9CE5DFCC7B8879C6 /* Pods-Dark Skies.debug.xcconfig */;
			buildSettings = {
				ASSETCATALOG_COMPILER_APPICON_NAME = AppIcon;
				CODE_SIGN_STYLE = Automatic;
				INFOPLIST_FILE = "Dark Skies/Info.plist";
				LD_RUNPATH_SEARCH_PATHS = (
					"$(inherited)",
					"@executable_path/Frameworks",
				);
				PRODUCT_BUNDLE_IDENTIFIER = "com.interaptskills.Dark-Skies";
				PRODUCT_NAME = "$(TARGET_NAME)";
				SWIFT_VERSION = 4.2;
				TARGETED_DEVICE_FAMILY = 1;
			};
			name = Debug;
		};
		9EFB41E92180FE840061F41A /* Release */ = {
			isa = XCBuildConfiguration;
			baseConfigurationReference = DB6F8A6015B8EF5D9286EB1E /* Pods-Dark Skies.release.xcconfig */;
			buildSettings = {
				ASSETCATALOG_COMPILER_APPICON_NAME = AppIcon;
				CODE_SIGN_STYLE = Automatic;
				INFOPLIST_FILE = "Dark Skies/Info.plist";
				LD_RUNPATH_SEARCH_PATHS = (
					"$(inherited)",
					"@executable_path/Frameworks",
				);
				PRODUCT_BUNDLE_IDENTIFIER = "com.interaptskills.Dark-Skies";
				PRODUCT_NAME = "$(TARGET_NAME)";
				SWIFT_VERSION = 4.2;
				TARGETED_DEVICE_FAMILY = 1;
			};
			name = Release;
		};
/* End XCBuildConfiguration section */

/* Begin XCConfigurationList section */
		9EFB41D02180FE820061F41A /* Build configuration list for PBXProject "Dark Skies" */ = {
			isa = XCConfigurationList;
			buildConfigurations = (
				9EFB41E52180FE840061F41A /* Debug */,
				9EFB41E62180FE840061F41A /* Release */,
			);
			defaultConfigurationIsVisible = 0;
			defaultConfigurationName = Release;
		};
		9EFB41E72180FE840061F41A /* Build configuration list for PBXNativeTarget "Dark Skies" */ = {
			isa = XCConfigurationList;
			buildConfigurations = (
				9EFB41E82180FE840061F41A /* Debug */,
				9EFB41E92180FE840061F41A /* Release */,
			);
			defaultConfigurationIsVisible = 0;
			defaultConfigurationName = Release;
		};
/* End XCConfigurationList section */
	};
	rootObject = 9EFB41CD2180FE820061F41A /* Project object */;
}
